
Microsoft Visual Studio Solution File, Format Version 10.00
# Visual Studio 2008
Project("{8BC9CEB8-8B4A-11D0-8D11-00A0C91BC942}") = "MultiObjModelToUSReg_demo", "MultiObjModelToUSReg_demo\MultiObjModelToUSReg_demo.vcproj", "{85CEDCCD-3CBD-4211-8B25-7602FCE14E44}"
EndProject
Global
	GlobalSection(IntelOptPkgProperties) = preSolution
		LoadPackage = true
	EndGlobalSection
	GlobalSection(SolutionConfigurationPlatforms) = preSolution
		Debug|Win32 = Debug|Win32
		Release|Win32 = Release|Win32
	EndGlobalSection
	GlobalSection(ProjectConfigurationPlatforms) = postSolution
		{85CEDCCD-3CBD-4211-8B25-7602FCE14E44}.Debug|Win32.ActiveCfg = Debug|Win32
		{85CEDCCD-3CBD-4211-8B25-7602FCE14E44}.Debug|Win32.Build.0 = Debug|Win32
		{85CEDCCD-3CBD-4211-8B25-7602FCE14E44}.Release|Win32.ActiveCfg = Release|Win32
		{85CEDCCD-3CBD-4211-8B25-7602FCE14E44}.Release|Win32.Build.0 = Release|Win32
	EndGlobalSection
	GlobalSection(SolutionProperties) = preSolution
		HideSolutionNode = FALSE
	EndGlobalSection
EndGlobal
